// !$*UTF8*$!
{
	archiveVersion = 1;
	classes = {
	};
	objectVersion = 56;
	objects = {

/* Begin PBXBuildFile section */
		AD17F95312ED9E41F5D0E8A0 /* Pods_Guardener.framework in Frameworks */ = {isa = PBXBuildFile; fileRef = 735D5C3B0381F4C3D964D7B0 /* Pods_Guardener.framework */; };
		D50FF53929B91493007C3784 /* AppDelegate.swift in Sources */ = {isa = PBXBuildFile; fileRef = D50FF53829B91493007C3784 /* AppDelegate.swift */; };
		D50FF53B29B91493007C3784 /* SceneDelegate.swift in Sources */ = {isa = PBXBuildFile; fileRef = D50FF53A29B91493007C3784 /* SceneDelegate.swift */; };
		D50FF54029B91493007C3784 /* Main.storyboard in Resources */ = {isa = PBXBuildFile; fileRef = D50FF53E29B91493007C3784 /* Main.storyboard */; };
		D50FF54229B91497007C3784 /* Assets.xcassets in Resources */ = {isa = PBXBuildFile; fileRef = D50FF54129B91497007C3784 /* Assets.xcassets */; };
		D50FF54529B91497007C3784 /* LaunchScreen.storyboard in Resources */ = {isa = PBXBuildFile; fileRef = D50FF54329B91497007C3784 /* LaunchScreen.storyboard */; };
		D50FF54F29B91724007C3784 /* WKWebViewController.swift in Sources */ = {isa = PBXBuildFile; fileRef = D50FF54E29B91724007C3784 /* WKWebViewController.swift */; };
		D522F5BA29BE9C090035060A /* HomePageViewController.swift in Sources */ = {isa = PBXBuildFile; fileRef = D522F5B929BE9C090035060A /* HomePageViewController.swift */; };
		D522F5BF29C123A30035060A /* Leaf.swift in Sources */ = {isa = PBXBuildFile; fileRef = D522F5BE29C123A30035060A /* Leaf.swift */; };
		D5DA0EF429BC1B3300AC8DE2 /* LeafDiseaseClassifier.mlmodel in Sources */ = {isa = PBXBuildFile; fileRef = D5DA0EF329BC1B3300AC8DE2 /* LeafDiseaseClassifier.mlmodel */; };
/* End PBXBuildFile section */

/* Begin PBXFileReference section */
		283400C4DD343A008DE47031 /* Pods-Guardener.debug.xcconfig */ = {isa = PBXFileReference; includeInIndex = 1; lastKnownFileType = text.xcconfig; name = "Pods-Guardener.debug.xcconfig"; path = "Target Support Files/Pods-Guardener/Pods-Guardener.debug.xcconfig"; sourceTree = "<group>"; };
		417701D162F25A2AA9A9FB18 /* Pods-Guardener.release.xcconfig */ = {isa = PBXFileReference; includeInIndex = 1; lastKnownFileType = text.xcconfig; name = "Pods-Guardener.release.xcconfig"; path = "Target Support Files/Pods-Guardener/Pods-Guardener.release.xcconfig"; sourceTree = "<group>"; };
		735D5C3B0381F4C3D964D7B0 /* Pods_Guardener.framework */ = {isa = PBXFileReference; explicitFileType = wrapper.framework; includeInIndex = 0; path = Pods_Guardener.framework; sourceTree = BUILT_PRODUCTS_DIR; };
		D50FF53529B91493007C3784 /* Guardener.app */ = {isa = PBXFileReference; explicitFileType = wrapper.application; includeInIndex = 0; path = Guardener.app; sourceTree = BUILT_PRODUCTS_DIR; };
		D50FF53829B91493007C3784 /* AppDelegate.swift */ = {isa = PBXFileReference; lastKnownFileType = sourcecode.swift; path = AppDelegate.swift; sourceTree = "<group>"; };
		D50FF53A29B91493007C3784 /* SceneDelegate.swift */ = {isa = PBXFileReference; lastKnownFileType = sourcecode.swift; path = SceneDelegate.swift; sourceTree = "<group>"; };
		D50FF53F29B91493007C3784 /* Base */ = {isa = PBXFileReference; lastKnownFileType = file.storyboard; name = Base; path = Base.lproj/Main.storyboard; sourceTree = "<group>"; };
		D50FF54129B91497007C3784 /* Assets.xcassets */ = {isa = PBXFileReference; lastKnownFileType = folder.assetcatalog; path = Assets.xcassets; sourceTree = "<group>"; };
		D50FF54429B91497007C3784 /* Base */ = {isa = PBXFileReference; lastKnownFileType = file.storyboard; name = Base; path = Base.lproj/LaunchScreen.storyboard; sourceTree = "<group>"; };
		D50FF54629B91497007C3784 /* Info.plist */ = {isa = PBXFileReference; lastKnownFileType = text.plist.xml; path = Info.plist; sourceTree = "<group>"; };
		D50FF54E29B91724007C3784 /* WKWebViewController.swift */ = {isa = PBXFileReference; lastKnownFileType = sourcecode.swift; path = WKWebViewController.swift; sourceTree = "<group>"; };
		D522F5B929BE9C090035060A /* HomePageViewController.swift */ = {isa = PBXFileReference; lastKnownFileType = sourcecode.swift; path = HomePageViewController.swift; sourceTree = "<group>"; };
		D522F5BE29C123A30035060A /* Leaf.swift */ = {isa = PBXFileReference; lastKnownFileType = sourcecode.swift; path = Leaf.swift; sourceTree = "<group>"; };
		D5DA0EF329BC1B3300AC8DE2 /* LeafDiseaseClassifier.mlmodel */ = {isa = PBXFileReference; lastKnownFileType = file.mlmodel; path = LeafDiseaseClassifier.mlmodel; sourceTree = "<group>"; };
/* End PBXFileReference section */

/* Begin PBXFrameworksBuildPhase section */
		D50FF53229B91493007C3784 /* Frameworks */ = {
			isa = PBXFrameworksBuildPhase;
			buildActionMask = 2147483647;
			files = (
				AD17F95312ED9E41F5D0E8A0 /* Pods_Guardener.framework in Frameworks */,
			);
			runOnlyForDeploymentPostprocessing = 0;
		};
/* End PBXFrameworksBuildPhase section */

/* Begin PBXGroup section */
		21F8713D3E94DF2EC6578A18 /* Frameworks */ = {
			isa = PBXGroup;
			children = (
				735D5C3B0381F4C3D964D7B0 /* Pods_Guardener.framework */,
			);
			name = Frameworks;
			sourceTree = "<group>";
		};
		A6E0B23ABABD027D602E7E8E /* Pods */ = {
			isa = PBXGroup;
			children = (
				283400C4DD343A008DE47031 /* Pods-Guardener.debug.xcconfig */,
				417701D162F25A2AA9A9FB18 /* Pods-Guardener.release.xcconfig */,
			);
			path = Pods;
			sourceTree = "<group>";
		};
		D50FF52C29B91493007C3784 = {
			isa = PBXGroup;
			children = (
				D50FF53729B91493007C3784 /* Guardener */,
				D50FF53629B91493007C3784 /* Products */,
				A6E0B23ABABD027D602E7E8E /* Pods */,
				21F8713D3E94DF2EC6578A18 /* Frameworks */,
			);
			sourceTree = "<group>";
		};
		D50FF53629B91493007C3784 /* Products */ = {
			isa = PBXGroup;
			children = (
				D50FF53529B91493007C3784 /* Guardener.app */,
			);
			name = Products;
			sourceTree = "<group>";
		};
		D50FF53729B91493007C3784 /* Guardener */ = {
			isa = PBXGroup;
			children = (
				D50FF53829B91493007C3784 /* AppDelegate.swift */,
				D50FF53A29B91493007C3784 /* SceneDelegate.swift */,
				D522F5C029C123A90035060A /* Model */,
				D50FF55129B93F46007C3784 /* Views */,
				D50FF55029B93F39007C3784 /* Controllers */,
				D522F5BD29C10B7E0035060A /* ML Model */,
				D50FF54129B91497007C3784 /* Assets.xcassets */,
				D50FF54629B91497007C3784 /* Info.plist */,
			);
			path = Guardener;
			sourceTree = "<group>";
		};
		D50FF55029B93F39007C3784 /* Controllers */ = {
			isa = PBXGroup;
			children = (
				D522F5B929BE9C090035060A /* HomePageViewController.swift */,
				D50FF54E29B91724007C3784 /* WKWebViewController.swift */,
			);
			path = Controllers;
			sourceTree = "<group>";
		};
		D50FF55129B93F46007C3784 /* Views */ = {
			isa = PBXGroup;
			children = (
				D50FF53E29B91493007C3784 /* Main.storyboard */,
				D50FF54329B91497007C3784 /* LaunchScreen.storyboard */,
			);
			path = Views;
			sourceTree = "<group>";
		};
		D522F5BD29C10B7E0035060A /* ML Model */ = {
			isa = PBXGroup;
			children = (
				D5DA0EF329BC1B3300AC8DE2 /* LeafDiseaseClassifier.mlmodel */,
			);
			path = "ML Model";
			sourceTree = "<group>";
		};
		D522F5C029C123A90035060A /* Model */ = {
			isa = PBXGroup;
			children = (
				D522F5BE29C123A30035060A /* Leaf.swift */,
			);
			path = Model;
			sourceTree = "<group>";
		};
/* End PBXGroup section */

/* Begin PBXNativeTarget section */
		D50FF53429B91493007C3784 /* Guardener */ = {
			isa = PBXNativeTarget;
			buildConfigurationList = D50FF54929B91497007C3784 /* Build configuration list for PBXNativeTarget "Guardener" */;
			buildPhases = (
				4EF14241A59B2E9795881D59 /* [CP] Check Pods Manifest.lock */,
				D50FF53129B91493007C3784 /* Sources */,
				D50FF53229B91493007C3784 /* Frameworks */,
				D50FF53329B91493007C3784 /* Resources */,
				4F1B0CCE02A89BCC641ED078 /* [CP] Embed Pods Frameworks */,
			);
			buildRules = (
			);
			dependencies = (
			);
			name = Guardener;
			productName = Guardener;
			productReference = D50FF53529B91493007C3784 /* Guardener.app */;
			productType = "com.apple.product-type.application";
		};
/* End PBXNativeTarget section */

/* Begin PBXProject section */
		D50FF52D29B91493007C3784 /* Project object */ = {
			isa = PBXProject;
			attributes = {
				BuildIndependentTargetsInParallel = 1;
				LastSwiftUpdateCheck = 1420;
				LastUpgradeCheck = 1420;
				TargetAttributes = {
					D50FF53429B91493007C3784 = {
						CreatedOnToolsVersion = 14.2;
					};
				};
			};
			buildConfigurationList = D50FF53029B91493007C3784 /* Build configuration list for PBXProject "Guardener" */;
			compatibilityVersion = "Xcode 14.0";
			developmentRegion = en;
			hasScannedForEncodings = 0;
			knownRegions = (
				en,
				Base,
			);
			mainGroup = D50FF52C29B91493007C3784;
			productRefGroup = D50FF53629B91493007C3784 /* Products */;
			projectDirPath = "";
			projectRoot = "";
			targets = (
				D50FF53429B91493007C3784 /* Guardener */,
			);
		};
/* End PBXProject section */

/* Begin PBXResourcesBuildPhase section */
		D50FF53329B91493007C3784 /* Resources */ = {
			isa = PBXResourcesBuildPhase;
			buildActionMask = 2147483647;
			files = (
				D50FF54529B91497007C3784 /* LaunchScreen.storyboard in Resources */,
				D50FF54229B91497007C3784 /* Assets.xcassets in Resources */,
				D50FF54029B91493007C3784 /* Main.storyboard in Resources */,
			);
			runOnlyForDeploymentPostprocessing = 0;
		};
/* End PBXResourcesBuildPhase section */

/* Begin PBXShellScriptBuildPhase section */
		4EF14241A59B2E9795881D59 /* [CP] Check Pods Manifest.lock */ = {
			isa = PBXShellScriptBuildPhase;
			buildActionMask = 2147483647;
			files = (
			);
			inputFileListPaths = (
			);
			inputPaths = (
				"${PODS_PODFILE_DIR_PATH}/Podfile.lock",
				"${PODS_ROOT}/Manifest.lock",
			);
			name = "[CP] Check Pods Manifest.lock";
			outputFileListPaths = (
			);
			outputPaths = (
				"$(DERIVED_FILE_DIR)/Pods-Guardener-checkManifestLockResult.txt",
			);
			runOnlyForDeploymentPostprocessing = 0;
			shellPath = /bin/sh;
			shellScript = "diff \"${PODS_PODFILE_DIR_PATH}/Podfile.lock\" \"${PODS_ROOT}/Manifest.lock\" > /dev/null\nif [ $? != 0 ] ; then\n    # print error to STDERR\n    echo \"error: The sandbox is not in sync with the Podfile.lock. Run 'pod install' or update your CocoaPods installation.\" >&2\n    exit 1\nfi\n# This output is used by Xcode 'outputs' to avoid re-running this script phase.\necho \"SUCCESS\" > \"${SCRIPT_OUTPUT_FILE_0}\"\n";
			showEnvVarsInLog = 0;
		};
		4F1B0CCE02A89BCC641ED078 /* [CP] Embed Pods Frameworks */ = {
			isa = PBXShellScriptBuildPhase;
			buildActionMask = 2147483647;
			files = (
			);
			inputFileListPaths = (
				"${PODS_ROOT}/Target Support Files/Pods-Guardener/Pods-Guardener-frameworks-${CONFIGURATION}-input-files.xcfilelist",
			);
			name = "[CP] Embed Pods Frameworks";
			outputFileListPaths = (
				"${PODS_ROOT}/Target Support Files/Pods-Guardener/Pods-Guardener-frameworks-${CONFIGURATION}-output-files.xcfilelist",
			);
			runOnlyForDeploymentPostprocessing = 0;
			shellPath = /bin/sh;
			shellScript = "\"${PODS_ROOT}/Target Support Files/Pods-Guardener/Pods-Guardener-frameworks.sh\"\n";
			showEnvVarsInLog = 0;
		};
/* End PBXShellScriptBuildPhase section */

/* Begin PBXSourcesBuildPhase section */
		D50FF53129B91493007C3784 /* Sources */ = {
			isa = PBXSourcesBuildPhase;
			buildActionMask = 2147483647;
			files = (
				D50FF53929B91493007C3784 /* AppDelegate.swift in Sources */,
				D522F5BA29BE9C090035060A /* HomePageViewController.swift in Sources */,
				D5DA0EF429BC1B3300AC8DE2 /* LeafDiseaseClassifier.mlmodel in Sources */,
				D522F5BF29C123A30035060A /* Leaf.swift in Sources */,
				D50FF53B29B91493007C3784 /* SceneDelegate.swift in Sources */,
				D50FF54F29B91724007C3784 /* WKWebViewController.swift in Sources */,
			);
			runOnlyForDeploymentPostprocessing = 0;
		};
/* End PBXSourcesBuildPhase section */

/* Begin PBXVariantGroup section */
		D50FF53E29B91493007C3784 /* Main.storyboard */ = {
			isa = PBXVariantGroup;
			children = (
				D50FF53F29B91493007C3784 /* Base */,
			);
			name = Main.storyboard;
			sourceTree = "<group>";
		};
		D50FF54329B91497007C3784 /* LaunchScreen.storyboard */ = {
			isa = PBXVariantGroup;
			children = (
				D50FF54429B91497007C3784 /* Base */,
			);
			name = LaunchScreen.storyboard;
			sourceTree = "<group>";
		};
/* End PBXVariantGroup section */

/* Begin XCBuildConfiguration section */
		D50FF54729B91497007C3784 /* Debug */ = {
			isa = XCBuildConfiguration;
			buildSettings = {
				ALWAYS_SEARCH_USER_PATHS = NO;
				CLANG_ANALYZER_NONNULL = YES;
				CLANG_ANALYZER_NUMBER_OBJECT_CONVERSION = YES_AGGRESSIVE;
				CLANG_CXX_LANGUAGE_STANDARD = "gnu++20";
				CLANG_ENABLE_MODULES = YES;
				CLANG_ENABLE_OBJC_ARC = YES;
				CLANG_ENABLE_OBJC_WEAK = YES;
				CLANG_WARN_BLOCK_CAPTURE_AUTORELEASING = YES;
				CLANG_WARN_BOOL_CONVERSION = YES;
				CLANG_WARN_COMMA = YES;
				CLANG_WARN_CONSTANT_CONVERSION = YES;
				CLANG_WARN_DEPRECATED_OBJC_IMPLEMENTATIONS = YES;
				CLANG_WARN_DIRECT_OBJC_ISA_USAGE = YES_ERROR;
				CLANG_WARN_DOCUMENTATION_COMMENTS = YES;
				CLANG_WARN_EMPTY_BODY = YES;
				CLANG_WARN_ENUM_CONVERSION = YES;
				CLANG_WARN_INFINITE_RECURSION = YES;
				CLANG_WARN_INT_CONVERSION = YES;
				CLANG_WARN_NON_LITERAL_NULL_CONVERSION = YES;
				CLANG_WARN_OBJC_IMPLICIT_RETAIN_SELF = YES;
				CLANG_WARN_OBJC_LITERAL_CONVERSION = YES;
				CLANG_WARN_OBJC_ROOT_CLASS = YES_ERROR;
				CLANG_WARN_QUOTED_INCLUDE_IN_FRAMEWORK_HEADER = YES;
				CLANG_WARN_RANGE_LOOP_ANALYSIS = YES;
				CLANG_WARN_STRICT_PROTOTYPES = YES;
				CLANG_WARN_SUSPICIOUS_MOVE = YES;
				CLANG_WARN_UNGUARDED_AVAILABILITY = YES_AGGRESSIVE;
				CLANG_WARN_UNREACHABLE_CODE = YES;
				CLANG_WARN__DUPLICATE_METHOD_MATCH = YES;
				COPY_PHASE_STRIP = NO;
				DEBUG_INFORMATION_FORMAT = dwarf;
				ENABLE_STRICT_OBJC_MSGSEND = YES;
				ENABLE_TESTABILITY = YES;
				GCC_C_LANGUAGE_STANDARD = gnu11;
				GCC_DYNAMIC_NO_PIC = NO;
				GCC_NO_COMMON_BLOCKS = YES;
				GCC_OPTIMIZATION_LEVEL = 0;
				GCC_PREPROCESSOR_DEFINITIONS = (
					"DEBUG=1",
					"$(inherited)",
				);
				GCC_WARN_64_TO_32_BIT_CONVERSION = YES;
				GCC_WARN_ABOUT_RETURN_TYPE = YES_ERROR;
				GCC_WARN_UNDECLARED_SELECTOR = YES;
				GCC_WARN_UNINITIALIZED_AUTOS = YES_AGGRESSIVE;
				GCC_WARN_UNUSED_FUNCTION = YES;
				GCC_WARN_UNUSED_VARIABLE = YES;
				IPHONEOS_DEPLOYMENT_TARGET = 16.2;
				MTL_ENABLE_DEBUG_INFO = INCLUDE_SOURCE;
				MTL_FAST_MATH = YES;
				ONLY_ACTIVE_ARCH = YES;
				SDKROOT = iphoneos;
				SWIFT_ACTIVE_COMPILATION_CONDITIONS = DEBUG;
				SWIFT_OPTIMIZATION_LEVEL = "-Onone";
			};
			name = Debug;
		};
		D50FF54829B91497007C3784 /* Release */ = {
			isa = XCBuildConfiguration;
			buildSettings = {
				ALWAYS_SEARCH_USER_PATHS = NO;
				CLANG_ANALYZER_NONNULL = YES;
				CLANG_ANALYZER_NUMBER_OBJECT_CONVERSION = YES_AGGRESSIVE;
				CLANG_CXX_LANGUAGE_STANDARD = "gnu++20";
				CLANG_ENABLE_MODULES = YES;
				CLANG_ENABLE_OBJC_ARC = YES;
				CLANG_ENABLE_OBJC_WEAK = YES;
				CLANG_WARN_BLOCK_CAPTURE_AUTORELEASING = YES;
				CLANG_WARN_BOOL_CONVERSION = YES;
				CLANG_WARN_COMMA = YES;
				CLANG_WARN_CONSTANT_CONVERSION = YES;
				CLANG_WARN_DEPRECATED_OBJC_IMPLEMENTATIONS = YES;
				CLANG_WARN_DIRECT_OBJC_ISA_USAGE = YES_ERROR;
				CLANG_WARN_DOCUMENTATION_COMMENTS = YES;
				CLANG_WARN_EMPTY_BODY = YES;
				CLANG_WARN_ENUM_CONVERSION = YES;
				CLANG_WARN_INFINITE_RECURSION = YES;
				CLANG_WARN_INT_CONVERSION = YES;
				CLANG_WARN_NON_LITERAL_NULL_CONVERSION = YES;
				CLANG_WARN_OBJC_IMPLICIT_RETAIN_SELF = YES;
				CLANG_WARN_OBJC_LITERAL_CONVERSION = YES;
				CLANG_WARN_OBJC_ROOT_CLASS = YES_ERROR;
				CLANG_WARN_QUOTED_INCLUDE_IN_FRAMEWORK_HEADER = YES;
				CLANG_WARN_RANGE_LOOP_ANALYSIS = YES;
				CLANG_WARN_STRICT_PROTOTYPES = YES;
				CLANG_WARN_SUSPICIOUS_MOVE = YES;
				CLANG_WARN_UNGUARDED_AVAILABILITY = YES_AGGRESSIVE;
				CLANG_WARN_UNREACHABLE_CODE = YES;
				CLANG_WARN__DUPLICATE_METHOD_MATCH = YES;
				COPY_PHASE_STRIP = NO;
				DEBUG_INFORMATION_FORMAT = "dwarf-with-dsym";
				ENABLE_NS_ASSERTIONS = NO;
				ENABLE_STRICT_OBJC_MSGSEND = YES;
				GCC_C_LANGUAGE_STANDARD = gnu11;
				GCC_NO_COMMON_BLOCKS = YES;
				GCC_WARN_64_TO_32_BIT_CONVERSION = YES;
				GCC_WARN_ABOUT_RETURN_TYPE = YES_ERROR;
				GCC_WARN_UNDECLARED_SELECTOR = YES;
				GCC_WARN_UNINITIALIZED_AUTOS = YES_AGGRESSIVE;
				GCC_WARN_UNUSED_FUNCTION = YES;
				GCC_WARN_UNUSED_VARIABLE = YES;
				IPHONEOS_DEPLOYMENT_TARGET = 16.2;
				MTL_ENABLE_DEBUG_INFO = NO;
				MTL_FAST_MATH = YES;
				SDKROOT = iphoneos;
				SWIFT_COMPILATION_MODE = wholemodule;
				SWIFT_OPTIMIZATION_LEVEL = "-O";
				VALIDATE_PRODUCT = YES;
			};
			name = Release;
		};
		D50FF54A29B91497007C3784 /* Debug */ = {
			isa = XCBuildConfiguration;
			baseConfigurationReference = 283400C4DD343A008DE47031 /* Pods-Guardener.debug.xcconfig */;
			buildSettings = {
				ASSETCATALOG_COMPILER_APPICON_NAME = AppIcon;
				ASSETCATALOG_COMPILER_GLOBAL_ACCENT_COLOR_NAME = AccentColor;
				CODE_SIGN_STYLE = Automatic;
				CURRENT_PROJECT_VERSION = 1;
				DEVELOPMENT_TEAM = 8MS6Y4L9Z3;
				GENERATE_INFOPLIST_FILE = YES;
				INFOPLIST_FILE = Guardener/Info.plist;
				INFOPLIST_KEY_NSCameraUsageDescription = "The app needs access to your camera for clicking pictures";
				INFOPLIST_KEY_UIApplicationSupportsIndirectInputEvents = YES;
				INFOPLIST_KEY_UILaunchStoryboardName = LaunchScreen;
				INFOPLIST_KEY_UIMainStoryboardFile = Main;
				INFOPLIST_KEY_UISupportedInterfaceOrientations = UIInterfaceOrientationPortrait;
				LD_RUNPATH_SEARCH_PATHS = (
					"$(inherited)",
					"@executable_path/Frameworks",
				);
				MARKETING_VERSION = 1.0;
				PRODUCT_BUNDLE_IDENTIFIER = com.omkarnikhal.Guardener;
				PRODUCT_NAME = "$(TARGET_NAME)";
				SWIFT_EMIT_LOC_STRINGS = YES;
				SWIFT_VERSION = 5.0;
				TARGETED_DEVICE_FAMILY = "1,2";
			};
			name = Debug;
		};
		D50FF54B29B91497007C3784 /* Release */ = {
			isa = XCBuildConfiguration;
			baseConfigurationReference = 417701D162F25A2AA9A9FB18 /* Pods-Guardener.release.xcconfig */;
			buildSettings = {
				ASSETCATALOG_COMPILER_APPICON_NAME = AppIcon;
				ASSETCATALOG_COMPILER_GLOBAL_ACCENT_COLOR_NAME = AccentColor;
				CODE_SIGN_STYLE = Automatic;
				CURRENT_PROJECT_VERSION = 1;
				DEVELOPMENT_TEAM = 8MS6Y4L9Z3;
				GENERATE_INFOPLIST_FILE = YES;
				INFOPLIST_FILE = Guardener/Info.plist;
				INFOPLIST_KEY_NSCameraUsageDescription = "The app needs access to your camera for clicking pictures";
				INFOPLIST_KEY_UIApplicationSupportsIndirectInputEvents = YES;
				INFOPLIST_KEY_UILaunchStoryboardName = LaunchScreen;
				INFOPLIST_KEY_UIMainStoryboardFile = Main;
				INFOPLIST_KEY_UISupportedInterfaceOrientations = UIInterfaceOrientationPortrait;
				LD_RUNPATH_SEARCH_PATHS = (
					"$(inherited)",
					"@executable_path/Frameworks",
				);
				MARKETING_VERSION = 1.0;
				PRODUCT_BUNDLE_IDENTIFIER = com.omkarnikhal.Guardener;
				PRODUCT_NAME = "$(TARGET_NAME)";
				SWIFT_EMIT_LOC_STRINGS = YES;
				SWIFT_VERSION = 5.0;
				TARGETED_DEVICE_FAMILY = "1,2";
			};
			name = Release;
		};
/* End XCBuildConfiguration section */

/* Begin XCConfigurationList section */
		D50FF53029B91493007C3784 /* Build configuration list for PBXProject "Guardener" */ = {
			isa = XCConfigurationList;
			buildConfigurations = (
				D50FF54729B91497007C3784 /* Debug */,
				D50FF54829B91497007C3784 /* Release */,
			);
			defaultConfigurationIsVisible = 0;
			defaultConfigurationName = Release;
		};
		D50FF54929B91497007C3784 /* Build configuration list for PBXNativeTarget "Guardener" */ = {
			isa = XCConfigurationList;
			buildConfigurations = (
				D50FF54A29B91497007C3784 /* Debug */,
				D50FF54B29B91497007C3784 /* Release */,
			);
			defaultConfigurationIsVisible = 0;
			defaultConfigurationName = Release;
		};
/* End XCConfigurationList section */
	};
	rootObject = D50FF52D29B91493007C3784 /* Project object */;
}
